
Microsoft Visual Studio Solution File, Format Version 12.00
# Visual Studio Version 17
VisualStudioVersion = 17.6.33829.357
MinimumVisualStudioVersion = 10.0.40219.1
Project("{9A19103F-16F7-4668-BE54-9A1E7A4F7556}") = "com.ayteeate.lethalcompany.fieldofview", "com.ayteeate.lethalcompany.fieldofview.csproj", "{18A593DF-7E79-4FF2-BB36-AA3606E0FEE2}"
EndProject
Global
	GlobalSection(SolutionConfigurationPlatforms) = preSolution
		Debug|Any CPU = Debug|Any CPU
		Release|Any CPU = Release|Any CPU
	EndGlobalSection
	GlobalSection(ProjectConfigurationPlatforms) = postSolution
		{18A593DF-7E79-4FF2-BB36-AA3606E0FEE2}.Debug|Any CPU.ActiveCfg = Debug|Any CPU
		{18A593DF-7E79-4FF2-BB36-AA3606E0FEE2}.Debug|Any CPU.Build.0 = Debug|Any CPU
		{18A593DF-7E79-4FF2-BB36-AA3606E0FEE2}.Release|Any CPU.ActiveCfg = Release|Any CPU
		{18A593DF-7E79-4FF2-BB36-AA3606E0FEE2}.Release|Any CPU.Build.0 = Release|Any CPU
	EndGlobalSection
	GlobalSection(SolutionProperties) = preSolution
		HideSolutionNode = FALSE
	EndGlobalSection
	GlobalSection(ExtensibilityGlobals) = postSolution
		SolutionGuid = {28756E21-E7C9-4772-97A6-F2B667EBBD6B}
	EndGlobalSection
EndGlobal
